
Microsoft Visual Studio Solution File, Format Version 12.00
# Visual Studio Version 17
VisualStudioVersion = 17.7.34031.279
MinimumVisualStudioVersion = 10.0.40219.1
Project("{9A19103F-16F7-4668-BE54-9A1E7A4F7556}") = "DataProtection.Web", "DataProtection.Web\DataProtection.Web.csproj", "{325C5BF6-221C-4546-888F-FC44BFF1B2E6}"
EndProject
Project("{9A19103F-16F7-4668-BE54-9A1E7A4F7556}") = "WhiteBlackList.Web", "WhiteBlackList.Web\WhiteBlackList.Web.csproj", "{4C4C52E7-5B26-4056-9F63-E7EA1F60DC5B}"
EndProject
Project("{9A19103F-16F7-4668-BE54-9A1E7A4F7556}") = "SecretProtection.Web", "SecretProtection.Web\SecretProtection.Web.csproj", "{82C5071D-51AE-4F23-95E0-FA14A46D4260}"
EndProject
Project("{9A19103F-16F7-4668-BE54-9A1E7A4F7556}") = "MyWeb.API", "MyWeb.API\MyWeb.API.csproj", "{B17EA1F5-F1D2-467B-92A8-B6AD8FC1A554}"
EndProject
Project("{9A19103F-16F7-4668-BE54-9A1E7A4F7556}") = "MyWeb.Web", "MyWeb.Web\MyWeb.Web.csproj", "{9C0232E8-BF75-4BCA-B4C1-88896892E207}"
EndProject
Project("{FAE04EC0-301F-11D3-BF4B-00C04F79EFBC}") = "XSS.Web", "XSS.Web\XSS.Web.csproj", "{6FF19081-23EB-453B-B579-8146341439D2}"
EndProject
Global
	GlobalSection(SolutionConfigurationPlatforms) = preSolution
		Debug|Any CPU = Debug|Any CPU
		Release|Any CPU = Release|Any CPU
	EndGlobalSection
	GlobalSection(ProjectConfigurationPlatforms) = postSolution
		{325C5BF6-221C-4546-888F-FC44BFF1B2E6}.Debug|Any CPU.ActiveCfg = Debug|Any CPU
		{325C5BF6-221C-4546-888F-FC44BFF1B2E6}.Debug|Any CPU.Build.0 = Debug|Any CPU
		{325C5BF6-221C-4546-888F-FC44BFF1B2E6}.Release|Any CPU.ActiveCfg = Release|Any CPU
		{325C5BF6-221C-4546-888F-FC44BFF1B2E6}.Release|Any CPU.Build.0 = Release|Any CPU
		{4C4C52E7-5B26-4056-9F63-E7EA1F60DC5B}.Debug|Any CPU.ActiveCfg = Debug|Any CPU
		{4C4C52E7-5B26-4056-9F63-E7EA1F60DC5B}.Debug|Any CPU.Build.0 = Debug|Any CPU
		{4C4C52E7-5B26-4056-9F63-E7EA1F60DC5B}.Release|Any CPU.ActiveCfg = Release|Any CPU
		{4C4C52E7-5B26-4056-9F63-E7EA1F60DC5B}.Release|Any CPU.Build.0 = Release|Any CPU
		{82C5071D-51AE-4F23-95E0-FA14A46D4260}.Debug|Any CPU.ActiveCfg = Debug|Any CPU
		{82C5071D-51AE-4F23-95E0-FA14A46D4260}.Debug|Any CPU.Build.0 = Debug|Any CPU
		{82C5071D-51AE-4F23-95E0-FA14A46D4260}.Release|Any CPU.ActiveCfg = Release|Any CPU
		{82C5071D-51AE-4F23-95E0-FA14A46D4260}.Release|Any CPU.Build.0 = Release|Any CPU
		{B17EA1F5-F1D2-467B-92A8-B6AD8FC1A554}.Debug|Any CPU.ActiveCfg = Debug|Any CPU
		{B17EA1F5-F1D2-467B-92A8-B6AD8FC1A554}.Debug|Any CPU.Build.0 = Debug|Any CPU
		{B17EA1F5-F1D2-467B-92A8-B6AD8FC1A554}.Release|Any CPU.ActiveCfg = Release|Any CPU
		{B17EA1F5-F1D2-467B-92A8-B6AD8FC1A554}.Release|Any CPU.Build.0 = Release|Any CPU
		{9C0232E8-BF75-4BCA-B4C1-88896892E207}.Debug|Any CPU.ActiveCfg = Debug|Any CPU
		{9C0232E8-BF75-4BCA-B4C1-88896892E207}.Debug|Any CPU.Build.0 = Debug|Any CPU
		{9C0232E8-BF75-4BCA-B4C1-88896892E207}.Release|Any CPU.ActiveCfg = Release|Any CPU
		{9C0232E8-BF75-4BCA-B4C1-88896892E207}.Release|Any CPU.Build.0 = Release|Any CPU
		{6FF19081-23EB-453B-B579-8146341439D2}.Debug|Any CPU.ActiveCfg = Debug|Any CPU
		{6FF19081-23EB-453B-B579-8146341439D2}.Debug|Any CPU.Build.0 = Debug|Any CPU
		{6FF19081-23EB-453B-B579-8146341439D2}.Release|Any CPU.ActiveCfg = Release|Any CPU
		{6FF19081-23EB-453B-B579-8146341439D2}.Release|Any CPU.Build.0 = Release|Any CPU
	EndGlobalSection
	GlobalSection(SolutionProperties) = preSolution
		HideSolutionNode = FALSE
	EndGlobalSection
	GlobalSection(ExtensibilityGlobals) = postSolution
		SolutionGuid = {B0AF5D61-430E-469D-9230-2ADADA6C177D}
	EndGlobalSection
EndGlobal
